lockfileVersion: '9.0'

settings:
  autoInstallPeers: true
  excludeLinksFromLockfile: false

importers:

  .:
    dependencies:
      '@ai-sdk/google':
        specifier: ^1.2.4
        version: 1.2.4(zod@3.24.2)

packages:

  '@ai-sdk/google@1.2.4':
    resolution: {integrity: sha512-2llZjB8vWxgeVrm1BVOQ7jFpxtoYnXciHBYd98E4z7GGgIfo3wfK+YFn4DF/ycoAjAUcwCjP1+Lqz0okeUFWcQ==}
    engines: {node: '>=18'}
    peerDependencies:
      zod: ^3.0.0

  '@ai-sdk/provider-utils@2.2.2':
    resolution: {integrity: sha512-DgjbBseR6e5oRcXOF0LH9owj3eKDfZNMdyHM8HBfcfQg0IVL2KqL1lK40pQynuI3/u72YM+vvbtAZ78PRj6jCA==}
    engines: {node: '>=18'}
    peerDependencies:
      zod: ^3.23.8

  '@ai-sdk/provider@1.1.0':
    resolution: {integrity: sha512-0M+qjp+clUD0R1E5eWQFhxEvWLNaOtGQRUaBn8CUABnSKredagq92hUS9VjOzGsTm37xLfpaxl97AVtbeOsHew==}
    engines: {node: '>=18'}

  json-schema@0.4.0:
    resolution: {integrity: sha512-es94M3nTIfsEPisRafak+HDLfHXnKBhV3vU5eqPcS3flIWqcxJWgXHXiey3YrpaNsanY5ei1VoYEbOzijuq9BA==}

  nanoid@3.3.11:
    resolution: {integrity: sha512-N8SpfPUnUp1bK+PMYW8qSWdl9U+wwNWI4QKxOYDy9JAro3WMX7p2OeVRF9v+347pnakNevPmiHhNmZ2HbFA76w==}
    engines: {node: ^10 || ^12 || ^13.7 || ^14 || >=15.0.1}
    hasBin: true

  secure-json-parse@2.7.0:
    resolution: {integrity: sha512-6aU+Rwsezw7VR8/nyvKTx8QpWH9FrcYiXXlqC4z5d5XQBDRqtbfsRjnwGyqbi3gddNtWHuEk9OANUotL26qKUw==}

  zod@3.24.2:
    resolution: {integrity: sha512-lY7CDW43ECgW9u1TcT3IoXHflywfVqDYze4waEz812jR/bZ8FHDsl7pFQoSZTz5N+2NqRXs8GBwnAwo3ZNxqhQ==}

snapshots:

  '@ai-sdk/google@1.2.4(zod@3.24.2)':
    dependencies:
      '@ai-sdk/provider': 1.1.0
      '@ai-sdk/provider-utils': 2.2.2(zod@3.24.2)
      zod: 3.24.2

  '@ai-sdk/provider-utils@2.2.2(zod@3.24.2)':
    dependencies:
      '@ai-sdk/provider': 1.1.0
      nanoid: 3.3.11
      secure-json-parse: 2.7.0
      zod: 3.24.2

  '@ai-sdk/provider@1.1.0':
    dependencies:
      json-schema: 0.4.0

  json-schema@0.4.0: {}

  nanoid@3.3.11: {}

  secure-json-parse@2.7.0: {}

  zod@3.24.2: {}
